
Microsoft Visual Studio Solution File, Format Version 12.00
# Visual Studio Version 16
VisualStudioVersion = 16.0.32126.315
MinimumVisualStudioVersion = 10.0.40219.1
Project("{9A19103F-16F7-4668-BE54-9A1E7A4F7556}") = "Opa.ToDoList.Web", "Opa.ToDoList.Web\Opa.ToDoList.Web.csproj", "{DF45AEF9-8BA3-41A8-9808-D3E1AE949925}"
EndProject
Project("{9A19103F-16F7-4668-BE54-9A1E7A4F7556}") = "Opa.ToDoList.Prism", "Opa.ToDoList.Prism\Opa.ToDoList.Prism\Opa.ToDoList.Prism.csproj", "{3399B120-10C8-45B5-9650-0B7538101709}"
EndProject
Project("{FAE04EC0-301F-11D3-BF4B-00C04F79EFBC}") = "Opa.ToDoList.Prism.Android", "Opa.ToDoList.Prism\Opa.ToDoList.Prism.Android\Opa.ToDoList.Prism.Android.csproj", "{DE784B91-CF5A-42C7-BA93-B1175D4833EF}"
EndProject
Project("{FAE04EC0-301F-11D3-BF4B-00C04F79EFBC}") = "Opa.ToDoList.Prism.iOS", "Opa.ToDoList.Prism\Opa.ToDoList.Prism.iOS\Opa.ToDoList.Prism.iOS.csproj", "{75FBD4E3-A281-473C-A62D-149CDF02D92B}"
EndProject
Project("{9A19103F-16F7-4668-BE54-9A1E7A4F7556}") = "Opa.ToDoList.Common", "Opa.ToDoList.Common\Opa.ToDoList.Common.csproj", "{1D7FFBA0-63E5-4DE2-9DC5-B8C38186FF63}"
EndProject
Project("{9A19103F-16F7-4668-BE54-9A1E7A4F7556}") = "Opa.TodoList.Entities", "Opa.TodoList.Entities\Opa.TodoList.Entities.csproj", "{1D98F874-FF23-4BF7-AC23-C8988F774208}"
EndProject
Project("{9A19103F-16F7-4668-BE54-9A1E7A4F7556}") = "Opa.ToDoList.Dal", "Opa.ToDoList.Dal\Opa.ToDoList.Dal.csproj", "{9A1B9CDD-34DB-48C2-8D62-25AC1841A8FF}"
EndProject
Global
	GlobalSection(SolutionConfigurationPlatforms) = preSolution
		Ad-Hoc|Any CPU = Ad-Hoc|Any CPU
		Ad-Hoc|iPhone = Ad-Hoc|iPhone
		Ad-Hoc|iPhoneSimulator = Ad-Hoc|iPhoneSimulator
		Ad-Hoc|x86 = Ad-Hoc|x86
		AppStore|Any CPU = AppStore|Any CPU
		AppStore|iPhone = AppStore|iPhone
		AppStore|iPhoneSimulator = AppStore|iPhoneSimulator
		AppStore|x86 = AppStore|x86
		Debug|Any CPU = Debug|Any CPU
		Debug|iPhone = Debug|iPhone
		Debug|iPhoneSimulator = Debug|iPhoneSimulator
		Debug|x86 = Debug|x86
		Release|Any CPU = Release|Any CPU
		Release|iPhone = Release|iPhone
		Release|iPhoneSimulator = Release|iPhoneSimulator
		Release|x86 = Release|x86
	EndGlobalSection
	GlobalSection(ProjectConfigurationPlatforms) = postSolution
		{DF45AEF9-8BA3-41A8-9808-D3E1AE949925}.Ad-Hoc|Any CPU.ActiveCfg = Release|Any CPU
		{DF45AEF9-8BA3-41A8-9808-D3E1AE949925}.Ad-Hoc|Any CPU.Build.0 = Release|Any CPU
		{DF45AEF9-8BA3-41A8-9808-D3E1AE949925}.Ad-Hoc|iPhone.ActiveCfg = Release|Any CPU
		{DF45AEF9-8BA3-41A8-9808-D3E1AE949925}.Ad-Hoc|iPhone.Build.0 = Release|Any CPU
		{DF45AEF9-8BA3-41A8-9808-D3E1AE949925}.Ad-Hoc|iPhoneSimulator.ActiveCfg = Release|Any CPU
		{DF45AEF9-8BA3-41A8-9808-D3E1AE949925}.Ad-Hoc|iPhoneSimulator.Build.0 = Release|Any CPU
		{DF45AEF9-8BA3-41A8-9808-D3E1AE949925}.Ad-Hoc|x86.ActiveCfg = Debug|Any CPU
		{DF45AEF9-8BA3-41A8-9808-D3E1AE949925}.Ad-Hoc|x86.Build.0 = Debug|Any CPU
		{DF45AEF9-8BA3-41A8-9808-D3E1AE949925}.AppStore|Any CPU.ActiveCfg = Release|Any CPU
		{DF45AEF9-8BA3-41A8-9808-D3E1AE949925}.AppStore|Any CPU.Build.0 = Release|Any CPU
		{DF45AEF9-8BA3-41A8-9808-D3E1AE949925}.AppStore|iPhone.ActiveCfg = Release|Any CPU
		{DF45AEF9-8BA3-41A8-9808-D3E1AE949925}.AppStore|iPhone.Build.0 = Release|Any CPU
		{DF45AEF9-8BA3-41A8-9808-D3E1AE949925}.AppStore|iPhoneSimulator.ActiveCfg = Release|Any CPU
		{DF45AEF9-8BA3-41A8-9808-D3E1AE949925}.AppStore|iPhoneSimulator.Build.0 = Release|Any CPU
		{DF45AEF9-8BA3-41A8-9808-D3E1AE949925}.AppStore|x86.ActiveCfg = Debug|Any CPU
		{DF45AEF9-8BA3-41A8-9808-D3E1AE949925}.AppStore|x86.Build.0 = Debug|Any CPU
		{DF45AEF9-8BA3-41A8-9808-D3E1AE949925}.Debug|Any CPU.ActiveCfg = Debug|Any CPU
		{DF45AEF9-8BA3-41A8-9808-D3E1AE949925}.Debug|Any CPU.Build.0 = Debug|Any CPU
		{DF45AEF9-8BA3-41A8-9808-D3E1AE949925}.Debug|iPhone.ActiveCfg = Debug|Any CPU
		{DF45AEF9-8BA3-41A8-9808-D3E1AE949925}.Debug|iPhone.Build.0 = Debug|Any CPU
		{DF45AEF9-8BA3-41A8-9808-D3E1AE949925}.Debug|iPhoneSimulator.ActiveCfg = Debug|Any CPU
		{DF45AEF9-8BA3-41A8-9808-D3E1AE949925}.Debug|iPhoneSimulator.Build.0 = Debug|Any CPU
		{DF45AEF9-8BA3-41A8-9808-D3E1AE949925}.Debug|x86.ActiveCfg = Debug|Any CPU
		{DF45AEF9-8BA3-41A8-9808-D3E1AE949925}.Debug|x86.Build.0 = Debug|Any CPU
		{DF45AEF9-8BA3-41A8-9808-D3E1AE949925}.Release|Any CPU.ActiveCfg = Release|Any CPU
		{DF45AEF9-8BA3-41A8-9808-D3E1AE949925}.Release|Any CPU.Build.0 = Release|Any CPU
		{DF45AEF9-8BA3-41A8-9808-D3E1AE949925}.Release|iPhone.ActiveCfg = Release|Any CPU
		{DF45AEF9-8BA3-41A8-9808-D3E1AE949925}.Release|iPhone.Build.0 = Release|Any CPU
		{DF45AEF9-8BA3-41A8-9808-D3E1AE949925}.Release|iPhoneSimulator.ActiveCfg = Release|Any CPU
		{DF45AEF9-8BA3-41A8-9808-D3E1AE949925}.Release|iPhoneSimulator.Build.0 = Release|Any CPU
		{DF45AEF9-8BA3-41A8-9808-D3E1AE949925}.Release|x86.ActiveCfg = Release|Any CPU
		{DF45AEF9-8BA3-41A8-9808-D3E1AE949925}.Release|x86.Build.0 = Release|Any CPU
		{3399B120-10C8-45B5-9650-0B7538101709}.Ad-Hoc|Any CPU.ActiveCfg = Debug|Any CPU
		{3399B120-10C8-45B5-9650-0B7538101709}.Ad-Hoc|Any CPU.Build.0 = Debug|Any CPU
		{3399B120-10C8-45B5-9650-0B7538101709}.Ad-Hoc|iPhone.ActiveCfg = Debug|Any CPU
		{3399B120-10C8-45B5-9650-0B7538101709}.Ad-Hoc|iPhone.Build.0 = Debug|Any CPU
		{3399B120-10C8-45B5-9650-0B7538101709}.Ad-Hoc|iPhoneSimulator.ActiveCfg = Debug|Any CPU
		{3399B120-10C8-45B5-9650-0B7538101709}.Ad-Hoc|iPhoneSimulator.Build.0 = Debug|Any CPU
		{3399B120-10C8-45B5-9650-0B7538101709}.Ad-Hoc|x86.ActiveCfg = Release|Any CPU
		{3399B120-10C8-45B5-9650-0B7538101709}.Ad-Hoc|x86.Build.0 = Release|Any CPU
		{3399B120-10C8-45B5-9650-0B7538101709}.AppStore|Any CPU.ActiveCfg = Debug|Any CPU
		{3399B120-10C8-45B5-9650-0B7538101709}.AppStore|Any CPU.Build.0 = Debug|Any CPU
		{3399B120-10C8-45B5-9650-0B7538101709}.AppStore|iPhone.ActiveCfg = Debug|Any CPU
		{3399B120-10C8-45B5-9650-0B7538101709}.AppStore|iPhone.Build.0 = Debug|Any CPU
		{3399B120-10C8-45B5-9650-0B7538101709}.AppStore|iPhoneSimulator.ActiveCfg = Debug|Any CPU
		{3399B120-10C8-45B5-9650-0B7538101709}.AppStore|iPhoneSimulator.Build.0 = Debug|Any CPU
		{3399B120-10C8-45B5-9650-0B7538101709}.AppStore|x86.ActiveCfg = Release|Any CPU
		{3399B120-10C8-45B5-9650-0B7538101709}.AppStore|x86.Build.0 = Release|Any CPU
		{3399B120-10C8-45B5-9650-0B7538101709}.Debug|Any CPU.ActiveCfg = Debug|Any CPU
		{3399B120-10C8-45B5-9650-0B7538101709}.Debug|Any CPU.Build.0 = Debug|Any CPU
		{3399B120-10C8-45B5-9650-0B7538101709}.Debug|iPhone.ActiveCfg = Debug|Any CPU
		{3399B120-10C8-45B5-9650-0B7538101709}.Debug|iPhone.Build.0 = Debug|Any CPU
		{3399B120-10C8-45B5-9650-0B7538101709}.Debug|iPhoneSimulator.ActiveCfg = Debug|Any CPU
		{3399B120-10C8-45B5-9650-0B7538101709}.Debug|iPhoneSimulator.Build.0 = Debug|Any CPU
		{3399B120-10C8-45B5-9650-0B7538101709}.Debug|x86.ActiveCfg = Debug|Any CPU
		{3399B120-10C8-45B5-9650-0B7538101709}.Debug|x86.Build.0 = Debug|Any CPU
		{3399B120-10C8-45B5-9650-0B7538101709}.Release|Any CPU.ActiveCfg = Release|Any CPU
		{3399B120-10C8-45B5-9650-0B7538101709}.Release|Any CPU.Build.0 = Release|Any CPU
		{3399B120-10C8-45B5-9650-0B7538101709}.Release|iPhone.ActiveCfg = Release|Any CPU
		{3399B120-10C8-45B5-9650-0B7538101709}.Release|iPhone.Build.0 = Release|Any CPU
		{3399B120-10C8-45B5-9650-0B7538101709}.Release|iPhoneSimulator.ActiveCfg = Release|Any CPU
		{3399B120-10C8-45B5-9650-0B7538101709}.Release|iPhoneSimulator.Build.0 = Release|Any CPU
		{3399B120-10C8-45B5-9650-0B7538101709}.Release|x86.ActiveCfg = Release|Any CPU
		{3399B120-10C8-45B5-9650-0B7538101709}.Release|x86.Build.0 = Release|Any CPU
		{DE784B91-CF5A-42C7-BA93-B1175D4833EF}.Ad-Hoc|Any CPU.ActiveCfg = Debug|Any CPU
		{DE784B91-CF5A-42C7-BA93-B1175D4833EF}.Ad-Hoc|Any CPU.Build.0 = Debug|Any CPU
		{DE784B91-CF5A-42C7-BA93-B1175D4833EF}.Ad-Hoc|Any CPU.Deploy.0 = Debug|Any CPU
		{DE784B91-CF5A-42C7-BA93-B1175D4833EF}.Ad-Hoc|iPhone.ActiveCfg = Debug|Any CPU
		{DE784B91-CF5A-42C7-BA93-B1175D4833EF}.Ad-Hoc|iPhone.Build.0 = Debug|Any CPU
		{DE784B91-CF5A-42C7-BA93-B1175D4833EF}.Ad-Hoc|iPhone.Deploy.0 = Debug|Any CPU
		{DE784B91-CF5A-42C7-BA93-B1175D4833EF}.Ad-Hoc|iPhoneSimulator.ActiveCfg = Debug|Any CPU
		{DE784B91-CF5A-42C7-BA93-B1175D4833EF}.Ad-Hoc|iPhoneSimulator.Build.0 = Debug|Any CPU
		{DE784B91-CF5A-42C7-BA93-B1175D4833EF}.Ad-Hoc|iPhoneSimulator.Deploy.0 = Debug|Any CPU
		{DE784B91-CF5A-42C7-BA93-B1175D4833EF}.Ad-Hoc|x86.ActiveCfg = Debug|x86
		{DE784B91-CF5A-42C7-BA93-B1175D4833EF}.Ad-Hoc|x86.Build.0 = Debug|x86
		{DE784B91-CF5A-42C7-BA93-B1175D4833EF}.Ad-Hoc|x86.Deploy.0 = Debug|x86
		{DE784B91-CF5A-42C7-BA93-B1175D4833EF}.AppStore|Any CPU.ActiveCfg = Debug|Any CPU
		{DE784B91-CF5A-42C7-BA93-B1175D4833EF}.AppStore|Any CPU.Build.0 = Debug|Any CPU
		{DE784B91-CF5A-42C7-BA93-B1175D4833EF}.AppStore|Any CPU.Deploy.0 = Debug|Any CPU
		{DE784B91-CF5A-42C7-BA93-B1175D4833EF}.AppStore|iPhone.ActiveCfg = Debug|Any CPU
		{DE784B91-CF5A-42C7-BA93-B1175D4833EF}.AppStore|iPhone.Build.0 = Debug|Any CPU
		{DE784B91-CF5A-42C7-BA93-B1175D4833EF}.AppStore|iPhone.Deploy.0 = Debug|Any CPU
		{DE784B91-CF5A-42C7-BA93-B1175D4833EF}.AppStore|iPhoneSimulator.ActiveCfg = Debug|Any CPU
		{DE784B91-CF5A-42C7-BA93-B1175D4833EF}.AppStore|iPhoneSimulator.Build.0 = Debug|Any CPU
		{DE784B91-CF5A-42C7-BA93-B1175D4833EF}.AppStore|iPhoneSimulator.Deploy.0 = Debug|Any CPU
		{DE784B91-CF5A-42C7-BA93-B1175D4833EF}.AppStore|x86.ActiveCfg = Debug|x86
		{DE784B91-CF5A-42C7-BA93-B1175D4833EF}.AppStore|x86.Build.0 = Debug|x86
		{DE784B91-CF5A-42C7-BA93-B1175D4833EF}.AppStore|x86.Deploy.0 = Debug|x86
		{DE784B91-CF5A-42C7-BA93-B1175D4833EF}.Debug|Any CPU.ActiveCfg = Debug|Any CPU
		{DE784B91-CF5A-42C7-BA93-B1175D4833EF}.Debug|Any CPU.Build.0 = Debug|Any CPU
		{DE784B91-CF5A-42C7-BA93-B1175D4833EF}.Debug|Any CPU.Deploy.0 = Debug|Any CPU
		{DE784B91-CF5A-42C7-BA93-B1175D4833EF}.Debug|iPhone.ActiveCfg = Debug|Any CPU
		{DE784B91-CF5A-42C7-BA93-B1175D4833EF}.Debug|iPhone.Build.0 = Debug|Any CPU
		{DE784B91-CF5A-42C7-BA93-B1175D4833EF}.Debug|iPhone.Deploy.0 = Debug|Any CPU
		{DE784B91-CF5A-42C7-BA93-B1175D4833EF}.Debug|iPhoneSimulator.ActiveCfg = Debug|Any CPU
		{DE784B91-CF5A-42C7-BA93-B1175D4833EF}.Debug|iPhoneSimulator.Build.0 = Debug|Any CPU
		{DE784B91-CF5A-42C7-BA93-B1175D4833EF}.Debug|iPhoneSimulator.Deploy.0 = Debug|Any CPU
		{DE784B91-CF5A-42C7-BA93-B1175D4833EF}.Debug|x86.ActiveCfg = Debug|x86
		{DE784B91-CF5A-42C7-BA93-B1175D4833EF}.Debug|x86.Build.0 = Debug|x86
		{DE784B91-CF5A-42C7-BA93-B1175D4833EF}.Debug|x86.Deploy.0 = Debug|x86
		{DE784B91-CF5A-42C7-BA93-B1175D4833EF}.Release|Any CPU.ActiveCfg = Release|Any CPU
		{DE784B91-CF5A-42C7-BA93-B1175D4833EF}.Release|Any CPU.Build.0 = Release|Any CPU
		{DE784B91-CF5A-42C7-BA93-B1175D4833EF}.Release|Any CPU.Deploy.0 = Release|Any CPU
		{DE784B91-CF5A-42C7-BA93-B1175D4833EF}.Release|iPhone.ActiveCfg = Release|Any CPU
		{DE784B91-CF5A-42C7-BA93-B1175D4833EF}.Release|iPhone.Build.0 = Release|Any CPU
		{DE784B91-CF5A-42C7-BA93-B1175D4833EF}.Release|iPhone.Deploy.0 = Release|Any CPU
		{DE784B91-CF5A-42C7-BA93-B1175D4833EF}.Release|iPhoneSimulator.ActiveCfg = Release|Any CPU
		{DE784B91-CF5A-42C7-BA93-B1175D4833EF}.Release|iPhoneSimulator.Build.0 = Release|Any CPU
		{DE784B91-CF5A-42C7-BA93-B1175D4833EF}.Release|iPhoneSimulator.Deploy.0 = Release|Any CPU
		{DE784B91-CF5A-42C7-BA93-B1175D4833EF}.Release|x86.ActiveCfg = Release|x86
		{DE784B91-CF5A-42C7-BA93-B1175D4833EF}.Release|x86.Build.0 = Release|x86
		{DE784B91-CF5A-42C7-BA93-B1175D4833EF}.Release|x86.Deploy.0 = Release|x86
		{75FBD4E3-A281-473C-A62D-149CDF02D92B}.Ad-Hoc|Any CPU.ActiveCfg = Ad-Hoc|iPhoneSimulator
		{75FBD4E3-A281-473C-A62D-149CDF02D92B}.Ad-Hoc|iPhone.ActiveCfg = Ad-Hoc|iPhone
		{75FBD4E3-A281-473C-A62D-149CDF02D92B}.Ad-Hoc|iPhone.Build.0 = Ad-Hoc|iPhone
		{75FBD4E3-A281-473C-A62D-149CDF02D92B}.Ad-Hoc|iPhoneSimulator.ActiveCfg = Ad-Hoc|iPhoneSimulator
		{75FBD4E3-A281-473C-A62D-149CDF02D92B}.Ad-Hoc|iPhoneSimulator.Build.0 = Ad-Hoc|iPhoneSimulator
		{75FBD4E3-A281-473C-A62D-149CDF02D92B}.Ad-Hoc|x86.ActiveCfg = Ad-Hoc|iPhone
		{75FBD4E3-A281-473C-A62D-149CDF02D92B}.AppStore|Any CPU.ActiveCfg = AppStore|iPhoneSimulator
		{75FBD4E3-A281-473C-A62D-149CDF02D92B}.AppStore|iPhone.ActiveCfg = AppStore|iPhone
		{75FBD4E3-A281-473C-A62D-149CDF02D92B}.AppStore|iPhone.Build.0 = AppStore|iPhone
		{75FBD4E3-A281-473C-A62D-149CDF02D92B}.AppStore|iPhoneSimulator.ActiveCfg = AppStore|iPhoneSimulator
		{75FBD4E3-A281-473C-A62D-149CDF02D92B}.AppStore|iPhoneSimulator.Build.0 = AppStore|iPhoneSimulator
		{75FBD4E3-A281-473C-A62D-149CDF02D92B}.AppStore|x86.ActiveCfg = AppStore|iPhone
		{75FBD4E3-A281-473C-A62D-149CDF02D92B}.Debug|Any CPU.ActiveCfg = Debug|iPhoneSimulator
		{75FBD4E3-A281-473C-A62D-149CDF02D92B}.Debug|iPhone.ActiveCfg = Debug|iPhone
		{75FBD4E3-A281-473C-A62D-149CDF02D92B}.Debug|iPhone.Build.0 = Debug|iPhone
		{75FBD4E3-A281-473C-A62D-149CDF02D92B}.Debug|iPhoneSimulator.ActiveCfg = Debug|iPhoneSimulator
		{75FBD4E3-A281-473C-A62D-149CDF02D92B}.Debug|iPhoneSimulator.Build.0 = Debug|iPhoneSimulator
		{75FBD4E3-A281-473C-A62D-149CDF02D92B}.Debug|x86.ActiveCfg = Debug|iPhone
		{75FBD4E3-A281-473C-A62D-149CDF02D92B}.Release|Any CPU.ActiveCfg = Release|iPhoneSimulator
		{75FBD4E3-A281-473C-A62D-149CDF02D92B}.Release|iPhone.ActiveCfg = Release|iPhone
		{75FBD4E3-A281-473C-A62D-149CDF02D92B}.Release|iPhone.Build.0 = Release|iPhone
		{75FBD4E3-A281-473C-A62D-149CDF02D92B}.Release|iPhoneSimulator.ActiveCfg = Release|iPhoneSimulator
		{75FBD4E3-A281-473C-A62D-149CDF02D92B}.Release|iPhoneSimulator.Build.0 = Release|iPhoneSimulator
		{75FBD4E3-A281-473C-A62D-149CDF02D92B}.Release|x86.ActiveCfg = Release|iPhone
		{1D7FFBA0-63E5-4DE2-9DC5-B8C38186FF63}.Ad-Hoc|Any CPU.ActiveCfg = Debug|Any CPU
		{1D7FFBA0-63E5-4DE2-9DC5-B8C38186FF63}.Ad-Hoc|Any CPU.Build.0 = Debug|Any CPU
		{1D7FFBA0-63E5-4DE2-9DC5-B8C38186FF63}.Ad-Hoc|iPhone.ActiveCfg = Debug|Any CPU
		{1D7FFBA0-63E5-4DE2-9DC5-B8C38186FF63}.Ad-Hoc|iPhone.Build.0 = Debug|Any CPU
		{1D7FFBA0-63E5-4DE2-9DC5-B8C38186FF63}.Ad-Hoc|iPhoneSimulator.ActiveCfg = Debug|Any CPU
		{1D7FFBA0-63E5-4DE2-9DC5-B8C38186FF63}.Ad-Hoc|iPhoneSimulator.Build.0 = Debug|Any CPU
		{1D7FFBA0-63E5-4DE2-9DC5-B8C38186FF63}.Ad-Hoc|x86.ActiveCfg = Debug|Any CPU
		{1D7FFBA0-63E5-4DE2-9DC5-B8C38186FF63}.Ad-Hoc|x86.Build.0 = Debug|Any CPU
		{1D7FFBA0-63E5-4DE2-9DC5-B8C38186FF63}.AppStore|Any CPU.ActiveCfg = Debug|Any CPU
		{1D7FFBA0-63E5-4DE2-9DC5-B8C38186FF63}.AppStore|Any CPU.Build.0 = Debug|Any CPU
		{1D7FFBA0-63E5-4DE2-9DC5-B8C38186FF63}.AppStore|iPhone.ActiveCfg = Debug|Any CPU
		{1D7FFBA0-63E5-4DE2-9DC5-B8C38186FF63}.AppStore|iPhone.Build.0 = Debug|Any CPU
		{1D7FFBA0-63E5-4DE2-9DC5-B8C38186FF63}.AppStore|iPhoneSimulator.ActiveCfg = Debug|Any CPU
		{1D7FFBA0-63E5-4DE2-9DC5-B8C38186FF63}.AppStore|iPhoneSimulator.Build.0 = Debug|Any CPU
		{1D7FFBA0-63E5-4DE2-9DC5-B8C38186FF63}.AppStore|x86.ActiveCfg = Debug|Any CPU
		{1D7FFBA0-63E5-4DE2-9DC5-B8C38186FF63}.AppStore|x86.Build.0 = Debug|Any CPU
		{1D7FFBA0-63E5-4DE2-9DC5-B8C38186FF63}.Debug|Any CPU.ActiveCfg = Debug|Any CPU
		{1D7FFBA0-63E5-4DE2-9DC5-B8C38186FF63}.Debug|Any CPU.Build.0 = Debug|Any CPU
		{1D7FFBA0-63E5-4DE2-9DC5-B8C38186FF63}.Debug|iPhone.ActiveCfg = Debug|Any CPU
		{1D7FFBA0-63E5-4DE2-9DC5-B8C38186FF63}.Debug|iPhone.Build.0 = Debug|Any CPU
		{1D7FFBA0-63E5-4DE2-9DC5-B8C38186FF63}.Debug|iPhoneSimulator.ActiveCfg = Debug|Any CPU
		{1D7FFBA0-63E5-4DE2-9DC5-B8C38186FF63}.Debug|iPhoneSimulator.Build.0 = Debug|Any CPU
		{1D7FFBA0-63E5-4DE2-9DC5-B8C38186FF63}.Debug|x86.ActiveCfg = Debug|Any CPU
		{1D7FFBA0-63E5-4DE2-9DC5-B8C38186FF63}.Debug|x86.Build.0 = Debug|Any CPU
		{1D7FFBA0-63E5-4DE2-9DC5-B8C38186FF63}.Release|Any CPU.ActiveCfg = Release|Any CPU
		{1D7FFBA0-63E5-4DE2-9DC5-B8C38186FF63}.Release|Any CPU.Build.0 = Release|Any CPU
		{1D7FFBA0-63E5-4DE2-9DC5-B8C38186FF63}.Release|iPhone.ActiveCfg = Release|Any CPU
		{1D7FFBA0-63E5-4DE2-9DC5-B8C38186FF63}.Release|iPhone.Build.0 = Release|Any CPU
		{1D7FFBA0-63E5-4DE2-9DC5-B8C38186FF63}.Release|iPhoneSimulator.ActiveCfg = Release|Any CPU
		{1D7FFBA0-63E5-4DE2-9DC5-B8C38186FF63}.Release|iPhoneSimulator.Build.0 = Release|Any CPU
		{1D7FFBA0-63E5-4DE2-9DC5-B8C38186FF63}.Release|x86.ActiveCfg = Release|Any CPU
		{1D7FFBA0-63E5-4DE2-9DC5-B8C38186FF63}.Release|x86.Build.0 = Release|Any CPU
		{1D98F874-FF23-4BF7-AC23-C8988F774208}.Ad-Hoc|Any CPU.ActiveCfg = Debug|Any CPU
		{1D98F874-FF23-4BF7-AC23-C8988F774208}.Ad-Hoc|Any CPU.Build.0 = Debug|Any CPU
		{1D98F874-FF23-4BF7-AC23-C8988F774208}.Ad-Hoc|iPhone.ActiveCfg = Debug|Any CPU
		{1D98F874-FF23-4BF7-AC23-C8988F774208}.Ad-Hoc|iPhone.Build.0 = Debug|Any CPU
		{1D98F874-FF23-4BF7-AC23-C8988F774208}.Ad-Hoc|iPhoneSimulator.ActiveCfg = Debug|Any CPU
		{1D98F874-FF23-4BF7-AC23-C8988F774208}.Ad-Hoc|iPhoneSimulator.Build.0 = Debug|Any CPU
		{1D98F874-FF23-4BF7-AC23-C8988F774208}.Ad-Hoc|x86.ActiveCfg = Debug|Any CPU
		{1D98F874-FF23-4BF7-AC23-C8988F774208}.Ad-Hoc|x86.Build.0 = Debug|Any CPU
		{1D98F874-FF23-4BF7-AC23-C8988F774208}.AppStore|Any CPU.ActiveCfg = Debug|Any CPU
		{1D98F874-FF23-4BF7-AC23-C8988F774208}.AppStore|Any CPU.Build.0 = Debug|Any CPU
		{1D98F874-FF23-4BF7-AC23-C8988F774208}.AppStore|iPhone.ActiveCfg = Debug|Any CPU
		{1D98F874-FF23-4BF7-AC23-C8988F774208}.AppStore|iPhone.Build.0 = Debug|Any CPU
		{1D98F874-FF23-4BF7-AC23-C8988F774208}.AppStore|iPhoneSimulator.ActiveCfg = Debug|Any CPU
		{1D98F874-FF23-4BF7-AC23-C8988F774208}.AppStore|iPhoneSimulator.Build.0 = Debug|Any CPU
		{1D98F874-FF23-4BF7-AC23-C8988F774208}.AppStore|x86.ActiveCfg = Debug|Any CPU
		{1D98F874-FF23-4BF7-AC23-C8988F774208}.AppStore|x86.Build.0 = Debug|Any CPU
		{1D98F874-FF23-4BF7-AC23-C8988F774208}.Debug|Any CPU.ActiveCfg = Debug|Any CPU
		{1D98F874-FF23-4BF7-AC23-C8988F774208}.Debug|Any CPU.Build.0 = Debug|Any CPU
		{1D98F874-FF23-4BF7-AC23-C8988F774208}.Debug|iPhone.ActiveCfg = Debug|Any CPU
		{1D98F874-FF23-4BF7-AC23-C8988F774208}.Debug|iPhone.Build.0 = Debug|Any CPU
		{1D98F874-FF23-4BF7-AC23-C8988F774208}.Debug|iPhoneSimulator.ActiveCfg = Debug|Any CPU
		{1D98F874-FF23-4BF7-AC23-C8988F774208}.Debug|iPhoneSimulator.Build.0 = Debug|Any CPU
		{1D98F874-FF23-4BF7-AC23-C8988F774208}.Debug|x86.ActiveCfg = Debug|Any CPU
		{1D98F874-FF23-4BF7-AC23-C8988F774208}.Debug|x86.Build.0 = Debug|Any CPU
		{1D98F874-FF23-4BF7-AC23-C8988F774208}.Release|Any CPU.ActiveCfg = Release|Any CPU
		{1D98F874-FF23-4BF7-AC23-C8988F774208}.Release|Any CPU.Build.0 = Release|Any CPU
		{1D98F874-FF23-4BF7-AC23-C8988F774208}.Release|iPhone.ActiveCfg = Release|Any CPU
		{1D98F874-FF23-4BF7-AC23-C8988F774208}.Release|iPhone.Build.0 = Release|Any CPU
		{1D98F874-FF23-4BF7-AC23-C8988F774208}.Release|iPhoneSimulator.ActiveCfg = Release|Any CPU
		{1D98F874-FF23-4BF7-AC23-C8988F774208}.Release|iPhoneSimulator.Build.0 = Release|Any CPU
		{1D98F874-FF23-4BF7-AC23-C8988F774208}.Release|x86.ActiveCfg = Release|Any CPU
		{1D98F874-FF23-4BF7-AC23-C8988F774208}.Release|x86.Build.0 = Release|Any CPU
		{9A1B9CDD-34DB-48C2-8D62-25AC1841A8FF}.Ad-Hoc|Any CPU.ActiveCfg = Debug|Any CPU
		{9A1B9CDD-34DB-48C2-8D62-25AC1841A8FF}.Ad-Hoc|Any CPU.Build.0 = Debug|Any CPU
		{9A1B9CDD-34DB-48C2-8D62-25AC1841A8FF}.Ad-Hoc|iPhone.ActiveCfg = Debug|Any CPU
		{9A1B9CDD-34DB-48C2-8D62-25AC1841A8FF}.Ad-Hoc|iPhone.Build.0 = Debug|Any CPU
		{9A1B9CDD-34DB-48C2-8D62-25AC1841A8FF}.Ad-Hoc|iPhoneSimulator.ActiveCfg = Debug|Any CPU
		{9A1B9CDD-34DB-48C2-8D62-25AC1841A8FF}.Ad-Hoc|iPhoneSimulator.Build.0 = Debug|Any CPU
		{9A1B9CDD-34DB-48C2-8D62-25AC1841A8FF}.Ad-Hoc|x86.ActiveCfg = Debug|Any CPU
		{9A1B9CDD-34DB-48C2-8D62-25AC1841A8FF}.Ad-Hoc|x86.Build.0 = Debug|Any CPU
		{9A1B9CDD-34DB-48C2-8D62-25AC1841A8FF}.AppStore|Any CPU.ActiveCfg = Debug|Any CPU
		{9A1B9CDD-34DB-48C2-8D62-25AC1841A8FF}.AppStore|Any CPU.Build.0 = Debug|Any CPU
		{9A1B9CDD-34DB-48C2-8D62-25AC1841A8FF}.AppStore|iPhone.ActiveCfg = Debug|Any CPU
		{9A1B9CDD-34DB-48C2-8D62-25AC1841A8FF}.AppStore|iPhone.Build.0 = Debug|Any CPU
		{9A1B9CDD-34DB-48C2-8D62-25AC1841A8FF}.AppStore|iPhoneSimulator.ActiveCfg = Debug|Any CPU
		{9A1B9CDD-34DB-48C2-8D62-25AC1841A8FF}.AppStore|iPhoneSimulator.Build.0 = Debug|Any CPU
		{9A1B9CDD-34DB-48C2-8D62-25AC1841A8FF}.AppStore|x86.ActiveCfg = Debug|Any CPU
		{9A1B9CDD-34DB-48C2-8D62-25AC1841A8FF}.AppStore|x86.Build.0 = Debug|Any CPU
		{9A1B9CDD-34DB-48C2-8D62-25AC1841A8FF}.Debug|Any CPU.ActiveCfg = Debug|Any CPU
		{9A1B9CDD-34DB-48C2-8D62-25AC1841A8FF}.Debug|Any CPU.Build.0 = Debug|Any CPU
		{9A1B9CDD-34DB-48C2-8D62-25AC1841A8FF}.Debug|iPhone.ActiveCfg = Debug|Any CPU
		{9A1B9CDD-34DB-48C2-8D62-25AC1841A8FF}.Debug|iPhone.Build.0 = Debug|Any CPU
		{9A1B9CDD-34DB-48C2-8D62-25AC1841A8FF}.Debug|iPhoneSimulator.ActiveCfg = Debug|Any CPU
		{9A1B9CDD-34DB-48C2-8D62-25AC1841A8FF}.Debug|iPhoneSimulator.Build.0 = Debug|Any CPU
		{9A1B9CDD-34DB-48C2-8D62-25AC1841A8FF}.Debug|x86.ActiveCfg = Debug|Any CPU
		{9A1B9CDD-34DB-48C2-8D62-25AC1841A8FF}.Debug|x86.Build.0 = Debug|Any CPU
		{9A1B9CDD-34DB-48C2-8D62-25AC1841A8FF}.Release|Any CPU.ActiveCfg = Release|Any CPU
		{9A1B9CDD-34DB-48C2-8D62-25AC1841A8FF}.Release|Any CPU.Build.0 = Release|Any CPU
		{9A1B9CDD-34DB-48C2-8D62-25AC1841A8FF}.Release|iPhone.ActiveCfg = Release|Any CPU
		{9A1B9CDD-34DB-48C2-8D62-25AC1841A8FF}.Release|iPhone.Build.0 = Release|Any CPU
		{9A1B9CDD-34DB-48C2-8D62-25AC1841A8FF}.Release|iPhoneSimulator.ActiveCfg = Release|Any CPU
		{9A1B9CDD-34DB-48C2-8D62-25AC1841A8FF}.Release|iPhoneSimulator.Build.0 = Release|Any CPU
		{9A1B9CDD-34DB-48C2-8D62-25AC1841A8FF}.Release|x86.ActiveCfg = Release|Any CPU
		{9A1B9CDD-34DB-48C2-8D62-25AC1841A8FF}.Release|x86.Build.0 = Release|Any CPU
	EndGlobalSection
	GlobalSection(SolutionProperties) = preSolution
		HideSolutionNode = FALSE
	EndGlobalSection
	GlobalSection(ExtensibilityGlobals) = postSolution
		SolutionGuid = {BC139626-4658-4327-A9E6-440245587E31}
	EndGlobalSection
EndGlobal
